{
  "name": "repo",
  "lockfileVersion": 3,
  "requires": true,
  "packages": {
    "": {
      "dependencies": {
        "chromium": "^3.2171.3008"
      }
    },
    "node_modules/chromium": {
      "version": "3.2171.3008",
      "resolved": "https://registry.npmjs.org/chromium/-/chromium-3.2171.3008.tgz",
      "integrity": "sha512-Yz3nlRUjgVNtiwqzc384w9wQOn/psf6c4IfInWk6hmGGO5v1a3mXnCq3hokanxG3/cZs7f4B+Ke4Y9YLP8WjWg==",
      "hasInstallScript": true,
      "license": "MIT"
    }
  }
}
